
Microsoft Visual Studio Solution File, Format Version 12.00
# Visual Studio Version 16
VisualStudioVersion = 16.0.29613.14
MinimumVisualStudioVersion = 10.0.40219.1
Project("{FAE04EC0-301F-11D3-BF4B-00C04F79EFBC}") = "VisionneusePDF", "VisionneusePDF.csproj", "{1F61DE56-EE89-429D-8A21-D5AB5743063D}"
EndProject
Global
	GlobalSection(SolutionConfigurationPlatforms) = preSolution
		Debug|Any CPU = Debug|Any CPU
		Release|Any CPU = Release|Any CPU
	EndGlobalSection
	GlobalSection(ProjectConfigurationPlatforms) = postSolution
		{1F61DE56-EE89-429D-8A21-D5AB5743063D}.Debug|Any CPU.ActiveCfg = Debug|Any CPU
		{1F61DE56-EE89-429D-8A21-D5AB5743063D}.Debug|Any CPU.Build.0 = Debug|Any CPU
		{1F61DE56-EE89-429D-8A21-D5AB5743063D}.Release|Any CPU.ActiveCfg = Release|Any CPU
		{1F61DE56-EE89-429D-8A21-D5AB5743063D}.Release|Any CPU.Build.0 = Release|Any CPU
	EndGlobalSection
	GlobalSection(SolutionProperties) = preSolution
		HideSolutionNode = FALSE
	EndGlobalSection
	GlobalSection(ExtensibilityGlobals) = postSolution
		SolutionGuid = {A57297BD-6122-44BF-BE95-F446107E81DF}
	EndGlobalSection
EndGlobal
